// !$*UTF8*$!
{
	archiveVersion = 1;
	classes = {
	};
	objectVersion = 56;
	objects = {

/* Begin PBXBuildFile section */
		3694DCF72988184D00857C8D /* AppDelegate.swift in Sources */ = {isa = PBXBuildFile; fileRef = 3694DCF62988184D00857C8D /* AppDelegate.swift */; };
		3694DCF92988184D00857C8D /* SceneDelegate.swift in Sources */ = {isa = PBXBuildFile; fileRef = 3694DCF82988184D00857C8D /* SceneDelegate.swift */; };
		3694DCFB2988184D00857C8D /* ViewController.swift in Sources */ = {isa = PBXBuildFile; fileRef = 3694DCFA2988184D00857C8D /* ViewController.swift */; };
		3694DCFE2988184D00857C8D /* Main.storyboard in Resources */ = {isa = PBXBuildFile; fileRef = 3694DCFC2988184D00857C8D /* Main.storyboard */; };
		3694DD002988184E00857C8D /* Assets.xcassets in Resources */ = {isa = PBXBuildFile; fileRef = 3694DCFF2988184E00857C8D /* Assets.xcassets */; };
		3694DD032988184E00857C8D /* LaunchScreen.storyboard in Resources */ = {isa = PBXBuildFile; fileRef = 3694DD012988184E00857C8D /* LaunchScreen.storyboard */; };
		3694DD0B298818DA00857C8D /* GridView.swift in Sources */ = {isa = PBXBuildFile; fileRef = 3694DD0A298818DA00857C8D /* GridView.swift */; };
		3694DD0D2988219600857C8D /* InfoView.swift in Sources */ = {isa = PBXBuildFile; fileRef = 3694DD0C2988219600857C8D /* InfoView.swift */; };
		3694DD0F298822B300857C8D /* Grid.swift in Sources */ = {isa = PBXBuildFile; fileRef = 3694DD0E298822B300857C8D /* Grid.swift */; };
/* End PBXBuildFile section */

/* Begin PBXFileReference section */
		3694DCF32988184D00857C8D /* Shall We Play A Game?.app */ = {isa = PBXFileReference; explicitFileType = wrapper.application; includeInIndex = 0; path = "Shall We Play A Game?.app"; sourceTree = BUILT_PRODUCTS_DIR; };
		3694DCF62988184D00857C8D /* AppDelegate.swift */ = {isa = PBXFileReference; lastKnownFileType = sourcecode.swift; path = AppDelegate.swift; sourceTree = "<group>"; };
		3694DCF82988184D00857C8D /* SceneDelegate.swift */ = {isa = PBXFileReference; lastKnownFileType = sourcecode.swift; path = SceneDelegate.swift; sourceTree = "<group>"; };
		3694DCFA2988184D00857C8D /* ViewController.swift */ = {isa = PBXFileReference; lastKnownFileType = sourcecode.swift; path = ViewController.swift; sourceTree = "<group>"; };
		3694DCFD2988184D00857C8D /* Base */ = {isa = PBXFileReference; lastKnownFileType = file.storyboard; name = Base; path = Base.lproj/Main.storyboard; sourceTree = "<group>"; };
		3694DCFF2988184E00857C8D /* Assets.xcassets */ = {isa = PBXFileReference; lastKnownFileType = folder.assetcatalog; path = Assets.xcassets; sourceTree = "<group>"; };
		3694DD022988184E00857C8D /* Base */ = {isa = PBXFileReference; lastKnownFileType = file.storyboard; name = Base; path = Base.lproj/LaunchScreen.storyboard; sourceTree = "<group>"; };
		3694DD042988184E00857C8D /* Info.plist */ = {isa = PBXFileReference; lastKnownFileType = text.plist.xml; path = Info.plist; sourceTree = "<group>"; };
		3694DD0A298818DA00857C8D /* GridView.swift */ = {isa = PBXFileReference; lastKnownFileType = sourcecode.swift; path = GridView.swift; sourceTree = "<group>"; };
		3694DD0C2988219600857C8D /* InfoView.swift */ = {isa = PBXFileReference; lastKnownFileType = sourcecode.swift; path = InfoView.swift; sourceTree = "<group>"; };
		3694DD0E298822B300857C8D /* Grid.swift */ = {isa = PBXFileReference; lastKnownFileType = sourcecode.swift; path = Grid.swift; sourceTree = "<group>"; };
/* End PBXFileReference section */

/* Begin PBXFrameworksBuildPhase section */
		3694DCF02988184D00857C8D /* Frameworks */ = {
			isa = PBXFrameworksBuildPhase;
			buildActionMask = 2147483647;
			files = (
			);
			runOnlyForDeploymentPostprocessing = 0;
		};
/* End PBXFrameworksBuildPhase section */

/* Begin PBXGroup section */
		3694DCEA2988184D00857C8D = {
			isa = PBXGroup;
			children = (
				3694DCF52988184D00857C8D /* Shall We Play A Game? */,
				3694DCF42988184D00857C8D /* Products */,
			);
			sourceTree = "<group>";
		};
		3694DCF42988184D00857C8D /* Products */ = {
			isa = PBXGroup;
			children = (
				3694DCF32988184D00857C8D /* Shall We Play A Game?.app */,
			);
			name = Products;
			sourceTree = "<group>";
		};
		3694DCF52988184D00857C8D /* Shall We Play A Game? */ = {
			isa = PBXGroup;
			children = (
				3694DD0C2988219600857C8D /* InfoView.swift */,
				3694DD0A298818DA00857C8D /* GridView.swift */,
				3694DD0E298822B300857C8D /* Grid.swift */,
				3694DCFA2988184D00857C8D /* ViewController.swift */,
				3694DCF62988184D00857C8D /* AppDelegate.swift */,
				3694DCF82988184D00857C8D /* SceneDelegate.swift */,
				3694DCFC2988184D00857C8D /* Main.storyboard */,
				3694DCFF2988184E00857C8D /* Assets.xcassets */,
				3694DD012988184E00857C8D /* LaunchScreen.storyboard */,
				3694DD042988184E00857C8D /* Info.plist */,
			);
			path = "Shall We Play A Game?";
			sourceTree = "<group>";
		};
/* End PBXGroup section */

/* Begin PBXNativeTarget section */
		3694DCF22988184D00857C8D /* Shall We Play A Game? */ = {
			isa = PBXNativeTarget;
			buildConfigurationList = 3694DD072988184E00857C8D /* Build configuration list for PBXNativeTarget "Shall We Play A Game?" */;
			buildPhases = (
				3694DCEF2988184D00857C8D /* Sources */,
				3694DCF02988184D00857C8D /* Frameworks */,
				3694DCF12988184D00857C8D /* Resources */,
			);
			buildRules = (
			);
			dependencies = (
			);
			name = "Shall We Play A Game?";
			productName = "Tic Tac Toe";
			productReference = 3694DCF32988184D00857C8D /* Shall We Play A Game?.app */;
			productType = "com.apple.product-type.application";
		};
/* End PBXNativeTarget section */

/* Begin PBXProject section */
		3694DCEB2988184D00857C8D /* Project object */ = {
			isa = PBXProject;
			attributes = {
				BuildIndependentTargetsInParallel = 1;
				LastSwiftUpdateCheck = 1410;
				LastUpgradeCheck = 1410;
				TargetAttributes = {
					3694DCF22988184D00857C8D = {
						CreatedOnToolsVersion = 14.1;
					};
				};
			};
			buildConfigurationList = 3694DCEE2988184D00857C8D /* Build configuration list for PBXProject "Shall We Play A Game?" */;
			compatibilityVersion = "Xcode 14.0";
			developmentRegion = en;
			hasScannedForEncodings = 0;
			knownRegions = (
				en,
				Base,
			);
			mainGroup = 3694DCEA2988184D00857C8D;
			productRefGroup = 3694DCF42988184D00857C8D /* Products */;
			projectDirPath = "";
			projectRoot = "";
			targets = (
				3694DCF22988184D00857C8D /* Shall We Play A Game? */,
			);
		};
/* End PBXProject section */

/* Begin PBXResourcesBuildPhase section */
		3694DCF12988184D00857C8D /* Resources */ = {
			isa = PBXResourcesBuildPhase;
			buildActionMask = 2147483647;
			files = (
				3694DD032988184E00857C8D /* LaunchScreen.storyboard in Resources */,
				3694DD002988184E00857C8D /* Assets.xcassets in Resources */,
				3694DCFE2988184D00857C8D /* Main.storyboard in Resources */,
			);
			runOnlyForDeploymentPostprocessing = 0;
		};
/* End PBXResourcesBuildPhase section */

/* Begin PBXSourcesBuildPhase section */
		3694DCEF2988184D00857C8D /* Sources */ = {
			isa = PBXSourcesBuildPhase;
			buildActionMask = 2147483647;
			files = (
				3694DCFB2988184D00857C8D /* ViewController.swift in Sources */,
				3694DCF72988184D00857C8D /* AppDelegate.swift in Sources */,
				3694DD0B298818DA00857C8D /* GridView.swift in Sources */,
				3694DD0D2988219600857C8D /* InfoView.swift in Sources */,
				3694DCF92988184D00857C8D /* SceneDelegate.swift in Sources */,
				3694DD0F298822B300857C8D /* Grid.swift in Sources */,
			);
			runOnlyForDeploymentPostprocessing = 0;
		};
/* End PBXSourcesBuildPhase section */

/* Begin PBXVariantGroup section */
		3694DCFC2988184D00857C8D /* Main.storyboard */ = {
			isa = PBXVariantGroup;
			children = (
				3694DCFD2988184D00857C8D /* Base */,
			);
			name = Main.storyboard;
			sourceTree = "<group>";
		};
		3694DD012988184E00857C8D /* LaunchScreen.storyboard */ = {
			isa = PBXVariantGroup;
			children = (
				3694DD022988184E00857C8D /* Base */,
			);
			name = LaunchScreen.storyboard;
			sourceTree = "<group>";
		};
/* End PBXVariantGroup section */

/* Begin XCBuildConfiguration section */
		3694DD052988184E00857C8D /* Debug */ = {
			isa = XCBuildConfiguration;
			buildSettings = {
				ALWAYS_SEARCH_USER_PATHS = NO;
				CLANG_ANALYZER_NONNULL = YES;
				CLANG_ANALYZER_NUMBER_OBJECT_CONVERSION = YES_AGGRESSIVE;
				CLANG_CXX_LANGUAGE_STANDARD = "gnu++20";
				CLANG_ENABLE_MODULES = YES;
				CLANG_ENABLE_OBJC_ARC = YES;
				CLANG_ENABLE_OBJC_WEAK = YES;
				CLANG_WARN_BLOCK_CAPTURE_AUTORELEASING = YES;
				CLANG_WARN_BOOL_CONVERSION = YES;
				CLANG_WARN_COMMA = YES;
				CLANG_WARN_CONSTANT_CONVERSION = YES;
				CLANG_WARN_DEPRECATED_OBJC_IMPLEMENTATIONS = YES;
				CLANG_WARN_DIRECT_OBJC_ISA_USAGE = YES_ERROR;
				CLANG_WARN_DOCUMENTATION_COMMENTS = YES;
				CLANG_WARN_EMPTY_BODY = YES;
				CLANG_WARN_ENUM_CONVERSION = YES;
				CLANG_WARN_INFINITE_RECURSION = YES;
				CLANG_WARN_INT_CONVERSION = YES;
				CLANG_WARN_NON_LITERAL_NULL_CONVERSION = YES;
				CLANG_WARN_OBJC_IMPLICIT_RETAIN_SELF = YES;
				CLANG_WARN_OBJC_LITERAL_CONVERSION = YES;
				CLANG_WARN_OBJC_ROOT_CLASS = YES_ERROR;
				CLANG_WARN_QUOTED_INCLUDE_IN_FRAMEWORK_HEADER = YES;
				CLANG_WARN_RANGE_LOOP_ANALYSIS = YES;
				CLANG_WARN_STRICT_PROTOTYPES = YES;
				CLANG_WARN_SUSPICIOUS_MOVE = YES;
				CLANG_WARN_UNGUARDED_AVAILABILITY = YES_AGGRESSIVE;
				CLANG_WARN_UNREACHABLE_CODE = YES;
				CLANG_WARN__DUPLICATE_METHOD_MATCH = YES;
				COPY_PHASE_STRIP = NO;
				DEBUG_INFORMATION_FORMAT = dwarf;
				ENABLE_STRICT_OBJC_MSGSEND = YES;
				ENABLE_TESTABILITY = YES;
				GCC_C_LANGUAGE_STANDARD = gnu11;
				GCC_DYNAMIC_NO_PIC = NO;
				GCC_NO_COMMON_BLOCKS = YES;
				GCC_OPTIMIZATION_LEVEL = 0;
				GCC_PREPROCESSOR_DEFINITIONS = (
					"DEBUG=1",
					"$(inherited)",
				);
				GCC_WARN_64_TO_32_BIT_CONVERSION = YES;
				GCC_WARN_ABOUT_RETURN_TYPE = YES_ERROR;
				GCC_WARN_UNDECLARED_SELECTOR = YES;
				GCC_WARN_UNINITIALIZED_AUTOS = YES_AGGRESSIVE;
				GCC_WARN_UNUSED_FUNCTION = YES;
				GCC_WARN_UNUSED_VARIABLE = YES;
				IPHONEOS_DEPLOYMENT_TARGET = 16.1;
				MTL_ENABLE_DEBUG_INFO = INCLUDE_SOURCE;
				MTL_FAST_MATH = YES;
				ONLY_ACTIVE_ARCH = YES;
				SDKROOT = iphoneos;
				SWIFT_ACTIVE_COMPILATION_CONDITIONS = DEBUG;
				SWIFT_OPTIMIZATION_LEVEL = "-Onone";
			};
			name = Debug;
		};
		3694DD062988184E00857C8D /* Release */ = {
			isa = XCBuildConfiguration;
			buildSettings = {
				ALWAYS_SEARCH_USER_PATHS = NO;
				CLANG_ANALYZER_NONNULL = YES;
				CLANG_ANALYZER_NUMBER_OBJECT_CONVERSION = YES_AGGRESSIVE;
				CLANG_CXX_LANGUAGE_STANDARD = "gnu++20";
				CLANG_ENABLE_MODULES = YES;
				CLANG_ENABLE_OBJC_ARC = YES;
				CLANG_ENABLE_OBJC_WEAK = YES;
				CLANG_WARN_BLOCK_CAPTURE_AUTORELEASING = YES;
				CLANG_WARN_BOOL_CONVERSION = YES;
				CLANG_WARN_COMMA = YES;
				CLANG_WARN_CONSTANT_CONVERSION = YES;
				CLANG_WARN_DEPRECATED_OBJC_IMPLEMENTATIONS = YES;
				CLANG_WARN_DIRECT_OBJC_ISA_USAGE = YES_ERROR;
				CLANG_WARN_DOCUMENTATION_COMMENTS = YES;
				CLANG_WARN_EMPTY_BODY = YES;
				CLANG_WARN_ENUM_CONVERSION = YES;
				CLANG_WARN_INFINITE_RECURSION = YES;
				CLANG_WARN_INT_CONVERSION = YES;
				CLANG_WARN_NON_LITERAL_NULL_CONVERSION = YES;
				CLANG_WARN_OBJC_IMPLICIT_RETAIN_SELF = YES;
				CLANG_WARN_OBJC_LITERAL_CONVERSION = YES;
				CLANG_WARN_OBJC_ROOT_CLASS = YES_ERROR;
				CLANG_WARN_QUOTED_INCLUDE_IN_FRAMEWORK_HEADER = YES;
				CLANG_WARN_RANGE_LOOP_ANALYSIS = YES;
				CLANG_WARN_STRICT_PROTOTYPES = YES;
				CLANG_WARN_SUSPICIOUS_MOVE = YES;
				CLANG_WARN_UNGUARDED_AVAILABILITY = YES_AGGRESSIVE;
				CLANG_WARN_UNREACHABLE_CODE = YES;
				CLANG_WARN__DUPLICATE_METHOD_MATCH = YES;
				COPY_PHASE_STRIP = NO;
				DEBUG_INFORMATION_FORMAT = "dwarf-with-dsym";
				ENABLE_NS_ASSERTIONS = NO;
				ENABLE_STRICT_OBJC_MSGSEND = YES;
				GCC_C_LANGUAGE_STANDARD = gnu11;
				GCC_NO_COMMON_BLOCKS = YES;
				GCC_WARN_64_TO_32_BIT_CONVERSION = YES;
				GCC_WARN_ABOUT_RETURN_TYPE = YES_ERROR;
				GCC_WARN_UNDECLARED_SELECTOR = YES;
				GCC_WARN_UNINITIALIZED_AUTOS = YES_AGGRESSIVE;
				GCC_WARN_UNUSED_FUNCTION = YES;
				GCC_WARN_UNUSED_VARIABLE = YES;
				IPHONEOS_DEPLOYMENT_TARGET = 16.1;
				MTL_ENABLE_DEBUG_INFO = NO;
				MTL_FAST_MATH = YES;
				SDKROOT = iphoneos;
				SWIFT_COMPILATION_MODE = wholemodule;
				SWIFT_OPTIMIZATION_LEVEL = "-O";
				VALIDATE_PRODUCT = YES;
			};
			name = Release;
		};
		3694DD082988184E00857C8D /* Debug */ = {
			isa = XCBuildConfiguration;
			buildSettings = {
				ASSETCATALOG_COMPILER_APPICON_NAME = AppIcon;
				ASSETCATALOG_COMPILER_GLOBAL_ACCENT_COLOR_NAME = AccentColor;
				CODE_SIGN_STYLE = Automatic;
				CURRENT_PROJECT_VERSION = 1;
				DEVELOPMENT_TEAM = 79R644N9YX;
				GENERATE_INFOPLIST_FILE = YES;
				INFOPLIST_FILE = "Shall We Play A Game?/Info.plist";
				INFOPLIST_KEY_CFBundleDisplayName = "Shall We Play A Game?";
				INFOPLIST_KEY_UIApplicationSupportsIndirectInputEvents = YES;
				INFOPLIST_KEY_UILaunchStoryboardName = LaunchScreen.storyboard;
				INFOPLIST_KEY_UIMainStoryboardFile = Main;
				INFOPLIST_KEY_UISupportedInterfaceOrientations_iPad = "UIInterfaceOrientationPortrait UIInterfaceOrientationPortraitUpsideDown UIInterfaceOrientationLandscapeLeft UIInterfaceOrientationLandscapeRight";
				INFOPLIST_KEY_UISupportedInterfaceOrientations_iPhone = "UIInterfaceOrientationPortrait UIInterfaceOrientationLandscapeLeft UIInterfaceOrientationLandscapeRight";
				LD_RUNPATH_SEARCH_PATHS = (
					"$(inherited)",
					"@executable_path/Frameworks",
				);
				MARKETING_VERSION = 1.0;
				PRODUCT_BUNDLE_IDENTIFIER = "com.jasuchicago.Shall-We-Play-A-Game";
				PRODUCT_NAME = "$(TARGET_NAME)";
				SUPPORTED_PLATFORMS = "iphoneos iphonesimulator";
				SUPPORTS_MACCATALYST = NO;
				SUPPORTS_MAC_DESIGNED_FOR_IPHONE_IPAD = NO;
				SWIFT_EMIT_LOC_STRINGS = YES;
				SWIFT_VERSION = 5.0;
				TARGETED_DEVICE_FAMILY = 1;
			};
			name = Debug;
		};
		3694DD092988184E00857C8D /* Release */ = {
			isa = XCBuildConfiguration;
			buildSettings = {
				ASSETCATALOG_COMPILER_APPICON_NAME = AppIcon;
				ASSETCATALOG_COMPILER_GLOBAL_ACCENT_COLOR_NAME = AccentColor;
				CODE_SIGN_STYLE = Automatic;
				CURRENT_PROJECT_VERSION = 1;
				DEVELOPMENT_TEAM = 79R644N9YX;
				GENERATE_INFOPLIST_FILE = YES;
				INFOPLIST_FILE = "Shall We Play A Game?/Info.plist";
				INFOPLIST_KEY_CFBundleDisplayName = "Shall We Play A Game?";
				INFOPLIST_KEY_UIApplicationSupportsIndirectInputEvents = YES;
				INFOPLIST_KEY_UILaunchStoryboardName = LaunchScreen.storyboard;
				INFOPLIST_KEY_UIMainStoryboardFile = Main;
				INFOPLIST_KEY_UISupportedInterfaceOrientations_iPad = "UIInterfaceOrientationPortrait UIInterfaceOrientationPortraitUpsideDown UIInterfaceOrientationLandscapeLeft UIInterfaceOrientationLandscapeRight";
				INFOPLIST_KEY_UISupportedInterfaceOrientations_iPhone = "UIInterfaceOrientationPortrait UIInterfaceOrientationLandscapeLeft UIInterfaceOrientationLandscapeRight";
				LD_RUNPATH_SEARCH_PATHS = (
					"$(inherited)",
					"@executable_path/Frameworks",
				);
				MARKETING_VERSION = 1.0;
				PRODUCT_BUNDLE_IDENTIFIER = "com.jasuchicago.Shall-We-Play-A-Game";
				PRODUCT_NAME = "$(TARGET_NAME)";
				SUPPORTED_PLATFORMS = "iphoneos iphonesimulator";
				SUPPORTS_MACCATALYST = NO;
				SUPPORTS_MAC_DESIGNED_FOR_IPHONE_IPAD = NO;
				SWIFT_EMIT_LOC_STRINGS = YES;
				SWIFT_VERSION = 5.0;
				TARGETED_DEVICE_FAMILY = 1;
			};
			name = Release;
		};
/* End XCBuildConfiguration section */

/* Begin XCConfigurationList section */
		3694DCEE2988184D00857C8D /* Build configuration list for PBXProject "Shall We Play A Game?" */ = {
			isa = XCConfigurationList;
			buildConfigurations = (
				3694DD052988184E00857C8D /* Debug */,
				3694DD062988184E00857C8D /* Release */,
			);
			defaultConfigurationIsVisible = 0;
			defaultConfigurationName = Release;
		};
		3694DD072988184E00857C8D /* Build configuration list for PBXNativeTarget "Shall We Play A Game?" */ = {
			isa = XCConfigurationList;
			buildConfigurations = (
				3694DD082988184E00857C8D /* Debug */,
				3694DD092988184E00857C8D /* Release */,
			);
			defaultConfigurationIsVisible = 0;
			defaultConfigurationName = Release;
		};
/* End XCConfigurationList section */
	};
	rootObject = 3694DCEB2988184D00857C8D /* Project object */;
}
